// !$*UTF8*$!
{
	archiveVersion = 1;
	classes = {
	};
	objectVersion = 56;
	objects = {

/* Begin PBXBuildFile section */
		14980A7E78ED8597C2A764EA /* Pods_FlashEnglish.framework in Frameworks */ = {isa = PBXBuildFile; fileRef = 3319C79FE8F98DD1E53DBF53 /* Pods_FlashEnglish.framework */; };
		1E046D752B4E4EB70016C390 /* SideMenuManager.swift in Sources */ = {isa = PBXBuildFile; fileRef = 1E046D742B4E4EB70016C390 /* SideMenuManager.swift */; };
		1E046D782B4E4F040016C390 /* MainTabView.swift in Sources */ = {isa = PBXBuildFile; fileRef = 1E046D772B4E4F040016C390 /* MainTabView.swift */; };
		1E046D7A2B4E4F1D0016C390 /* SideMenuView.swift in Sources */ = {isa = PBXBuildFile; fileRef = 1E046D792B4E4F1D0016C390 /* SideMenuView.swift */; };
		1E046D7C2B4E4FD20016C390 /* SideMenuContent.swift in Sources */ = {isa = PBXBuildFile; fileRef = 1E046D7B2B4E4FD20016C390 /* SideMenuContent.swift */; };
		1E046D7E2B4E4FFB0016C390 /* TabItemView.swift in Sources */ = {isa = PBXBuildFile; fileRef = 1E046D7D2B4E4FFB0016C390 /* TabItemView.swift */; };
		1E046D812B4E51330016C390 /* DeveloperView.swift in Sources */ = {isa = PBXBuildFile; fileRef = 1E046D802B4E51330016C390 /* DeveloperView.swift */; };
		1E046D842B4E5F430016C390 /* SafariView.swift in Sources */ = {isa = PBXBuildFile; fileRef = 1E046D832B4E5F430016C390 /* SafariView.swift */; };
		1E1BB15F2B47D60700E0A468 /* AnswerView.swift in Sources */ = {isa = PBXBuildFile; fileRef = 1E1BB15E2B47D60700E0A468 /* AnswerView.swift */; };
		1E1BB1692B47D6E300E0A468 /* JuniorHighSchool.csv in Resources */ = {isa = PBXBuildFile; fileRef = 1E1BB1682B47D6E300E0A468 /* JuniorHighSchool.csv */; };
		1E1BB16B2B47D7E000E0A468 /* AnswerDetailView.swift in Sources */ = {isa = PBXBuildFile; fileRef = 1E1BB16A2B47D7E000E0A468 /* AnswerDetailView.swift */; };
		1E1BB16F2B47EC6C00E0A468 /* QuizManager.swift in Sources */ = {isa = PBXBuildFile; fileRef = 1E1BB16E2B47EC6C00E0A468 /* QuizManager.swift */; };
		1E1BB1772B481B9F00E0A468 /* ScoreView.swift in Sources */ = {isa = PBXBuildFile; fileRef = 1E1BB1762B481B9F00E0A468 /* ScoreView.swift */; };
		1E1BB1792B48D50800E0A468 /* QuizDetailView.swift in Sources */ = {isa = PBXBuildFile; fileRef = 1E1BB1782B48D50800E0A468 /* QuizDetailView.swift */; };
		1E1BB17B2B48DC5000E0A468 /* HomeView.swift in Sources */ = {isa = PBXBuildFile; fileRef = 1E1BB17A2B48DC5000E0A468 /* HomeView.swift */; };
		1E1BB17E2B48DF1C00E0A468 /* HighSchool.csv in Resources */ = {isa = PBXBuildFile; fileRef = 1E1BB17C2B48DF1C00E0A468 /* HighSchool.csv */; };
		1E1BB17F2B48DF1C00E0A468 /* College.csv in Resources */ = {isa = PBXBuildFile; fileRef = 1E1BB17D2B48DF1C00E0A468 /* College.csv */; };
		1E1BB1812B48F6D400E0A468 /* NavigationManager.swift in Sources */ = {isa = PBXBuildFile; fileRef = 1E1BB1802B48F6D400E0A468 /* NavigationManager.swift */; };
		1E1BB1832B49285B00E0A468 /* NotoSansJP-VariableFont_wght.ttf in Resources */ = {isa = PBXBuildFile; fileRef = 1E1BB1822B49285B00E0A468 /* NotoSansJP-VariableFont_wght.ttf */; };
		1E1BB1852B4928C700E0A468 /* NotoSans-VariableFont_wdth,wght.ttf in Resources */ = {isa = PBXBuildFile; fileRef = 1E1BB1842B4928C700E0A468 /* NotoSans-VariableFont_wdth,wght.ttf */; };
		1E1BB1872B49349200E0A468 /* QuizLevelGridItem.swift in Sources */ = {isa = PBXBuildFile; fileRef = 1E1BB1862B49349200E0A468 /* QuizLevelGridItem.swift */; };
		1E1BB18B2B49395700E0A468 /* Monster.csv in Resources */ = {isa = PBXBuildFile; fileRef = 1E1BB1882B49395700E0A468 /* Monster.csv */; };
		1E1BB18C2B49395700E0A468 /* Expert.csv in Resources */ = {isa = PBXBuildFile; fileRef = 1E1BB1892B49395700E0A468 /* Expert.csv */; };
		1E1BB18D2B49395700E0A468 /* Businessman.csv in Resources */ = {isa = PBXBuildFile; fileRef = 1E1BB18A2B49395700E0A468 /* Businessman.csv */; };
		1E1BB1982B4949F700E0A468 /* LottieView.swift in Sources */ = {isa = PBXBuildFile; fileRef = 1E1BB1972B4949F700E0A468 /* LottieView.swift */; };
		1E1BB19B2B494A6400E0A468 /* lottie_incorrect.json in Resources */ = {isa = PBXBuildFile; fileRef = 1E1BB1992B494A6300E0A468 /* lottie_incorrect.json */; };
		1E1BB19C2B494A6400E0A468 /* lottie_correct.json in Resources */ = {isa = PBXBuildFile; fileRef = 1E1BB19A2B494A6300E0A468 /* lottie_correct.json */; };
		1E1BB1A02B496D3A00E0A468 /* lottie_perfect.json in Resources */ = {isa = PBXBuildFile; fileRef = 1E1BB19F2B496D3A00E0A468 /* lottie_perfect.json */; };
		1E1BB1A92B4A898F00E0A468 /* LaunchScreen.storyboard in Resources */ = {isa = PBXBuildFile; fileRef = 1E1BB1A82B4A898F00E0A468 /* LaunchScreen.storyboard */; };
		1E1BB1AC2B4B89AB00E0A468 /* AdMobBannerView.swift in Sources */ = {isa = PBXBuildFile; fileRef = 1E1BB1AB2B4B89AB00E0A468 /* AdMobBannerView.swift */; };
		400A5F682CAFF55D00C8D421 /* GoogleService-Info.plist in Resources */ = {isa = PBXBuildFile; fileRef = 400A5F672CAFF55D00C8D421 /* GoogleService-Info.plist */; };
		400A9C102B467BA60086914E /* FlashEnglishApp.swift in Sources */ = {isa = PBXBuildFile; fileRef = 400A9C0F2B467BA60086914E /* FlashEnglishApp.swift */; };
		400A9C122B467BA60086914E /* QuizView.swift in Sources */ = {isa = PBXBuildFile; fileRef = 400A9C112B467BA60086914E /* QuizView.swift */; };
		400A9C142B467BA70086914E /* Assets.xcassets in Resources */ = {isa = PBXBuildFile; fileRef = 400A9C132B467BA70086914E /* Assets.xcassets */; };
		400A9C172B467BA70086914E /* Preview Assets.xcassets in Resources */ = {isa = PBXBuildFile; fileRef = 400A9C162B467BA70086914E /* Preview Assets.xcassets */; };
		400A9C212B467D710086914E /* Colors.xcassets in Resources */ = {isa = PBXBuildFile; fileRef = 400A9C202B467D710086914E /* Colors.xcassets */; };
		400A9C232B467D860086914E /* Localizable.strings in Resources */ = {isa = PBXBuildFile; fileRef = 400A9C222B467D860086914E /* Localizable.strings */; };
		400A9C2D2B467E560086914E /* Assets.swift in Sources */ = {isa = PBXBuildFile; fileRef = 400A9C2C2B467E560086914E /* Assets.swift */; };
		400A9C2F2B467E5F0086914E /* LocalizableStrings.swift in Sources */ = {isa = PBXBuildFile; fileRef = 400A9C2E2B467E5F0086914E /* LocalizableStrings.swift */; };
		400A9C312B467E640086914E /* Fonts.swift in Sources */ = {isa = PBXBuildFile; fileRef = 400A9C302B467E640086914E /* Fonts.swift */; };
		400A9C362B46830E0086914E /* CustomViewComponents.swift in Sources */ = {isa = PBXBuildFile; fileRef = 400A9C352B46830E0086914E /* CustomViewComponents.swift */; };
		40EC7E982CB24317000EE52D /* FirebaseAnalytics.swift in Sources */ = {isa = PBXBuildFile; fileRef = 40EC7E972CB24317000EE52D /* FirebaseAnalytics.swift */; };
/* End PBXBuildFile section */

/* Begin PBXFileReference section */
		1E046D742B4E4EB70016C390 /* SideMenuManager.swift */ = {isa = PBXFileReference; lastKnownFileType = sourcecode.swift; path = SideMenuManager.swift; sourceTree = "<group>"; };
		1E046D772B4E4F040016C390 /* MainTabView.swift */ = {isa = PBXFileReference; lastKnownFileType = sourcecode.swift; path = MainTabView.swift; sourceTree = "<group>"; };
		1E046D792B4E4F1D0016C390 /* SideMenuView.swift */ = {isa = PBXFileReference; lastKnownFileType = sourcecode.swift; path = SideMenuView.swift; sourceTree = "<group>"; };
		1E046D7B2B4E4FD20016C390 /* SideMenuContent.swift */ = {isa = PBXFileReference; lastKnownFileType = sourcecode.swift; path = SideMenuContent.swift; sourceTree = "<group>"; };
		1E046D7D2B4E4FFB0016C390 /* TabItemView.swift */ = {isa = PBXFileReference; lastKnownFileType = sourcecode.swift; path = TabItemView.swift; sourceTree = "<group>"; };
		1E046D802B4E51330016C390 /* DeveloperView.swift */ = {isa = PBXFileReference; lastKnownFileType = sourcecode.swift; path = DeveloperView.swift; sourceTree = "<group>"; };
		1E046D832B4E5F430016C390 /* SafariView.swift */ = {isa = PBXFileReference; lastKnownFileType = sourcecode.swift; path = SafariView.swift; sourceTree = "<group>"; };
		1E1BB15E2B47D60700E0A468 /* AnswerView.swift */ = {isa = PBXFileReference; lastKnownFileType = sourcecode.swift; path = AnswerView.swift; sourceTree = "<group>"; };
		1E1BB1682B47D6E300E0A468 /* JuniorHighSchool.csv */ = {isa = PBXFileReference; fileEncoding = 4; lastKnownFileType = text; path = JuniorHighSchool.csv; sourceTree = "<group>"; };
		1E1BB16A2B47D7E000E0A468 /* AnswerDetailView.swift */ = {isa = PBXFileReference; lastKnownFileType = sourcecode.swift; path = AnswerDetailView.swift; sourceTree = "<group>"; };
		1E1BB16E2B47EC6C00E0A468 /* QuizManager.swift */ = {isa = PBXFileReference; lastKnownFileType = sourcecode.swift; path = QuizManager.swift; sourceTree = "<group>"; };
		1E1BB1762B481B9F00E0A468 /* ScoreView.swift */ = {isa = PBXFileReference; lastKnownFileType = sourcecode.swift; path = ScoreView.swift; sourceTree = "<group>"; };
		1E1BB1782B48D50800E0A468 /* QuizDetailView.swift */ = {isa = PBXFileReference; lastKnownFileType = sourcecode.swift; path = QuizDetailView.swift; sourceTree = "<group>"; };
		1E1BB17A2B48DC5000E0A468 /* HomeView.swift */ = {isa = PBXFileReference; lastKnownFileType = sourcecode.swift; path = HomeView.swift; sourceTree = "<group>"; };
		1E1BB17C2B48DF1C00E0A468 /* HighSchool.csv */ = {isa = PBXFileReference; fileEncoding = 4; lastKnownFileType = text; path = HighSchool.csv; sourceTree = "<group>"; };
		1E1BB17D2B48DF1C00E0A468 /* College.csv */ = {isa = PBXFileReference; fileEncoding = 4; lastKnownFileType = text; path = College.csv; sourceTree = "<group>"; };
		1E1BB1802B48F6D400E0A468 /* NavigationManager.swift */ = {isa = PBXFileReference; lastKnownFileType = sourcecode.swift; path = NavigationManager.swift; sourceTree = "<group>"; };
		1E1BB1822B49285B00E0A468 /* NotoSansJP-VariableFont_wght.ttf */ = {isa = PBXFileReference; lastKnownFileType = file; path = "NotoSansJP-VariableFont_wght.ttf"; sourceTree = "<group>"; };
		1E1BB1842B4928C700E0A468 /* NotoSans-VariableFont_wdth,wght.ttf */ = {isa = PBXFileReference; lastKnownFileType = file; path = "NotoSans-VariableFont_wdth,wght.ttf"; sourceTree = "<group>"; };
		1E1BB1862B49349200E0A468 /* QuizLevelGridItem.swift */ = {isa = PBXFileReference; lastKnownFileType = sourcecode.swift; path = QuizLevelGridItem.swift; sourceTree = "<group>"; };
		1E1BB1882B49395700E0A468 /* Monster.csv */ = {isa = PBXFileReference; fileEncoding = 4; lastKnownFileType = text; path = Monster.csv; sourceTree = "<group>"; };
		1E1BB1892B49395700E0A468 /* Expert.csv */ = {isa = PBXFileReference; fileEncoding = 4; lastKnownFileType = text; path = Expert.csv; sourceTree = "<group>"; };
		1E1BB18A2B49395700E0A468 /* Businessman.csv */ = {isa = PBXFileReference; fileEncoding = 4; lastKnownFileType = text; path = Businessman.csv; sourceTree = "<group>"; };
		1E1BB1972B4949F700E0A468 /* LottieView.swift */ = {isa = PBXFileReference; lastKnownFileType = sourcecode.swift; path = LottieView.swift; sourceTree = "<group>"; };
		1E1BB1992B494A6300E0A468 /* lottie_incorrect.json */ = {isa = PBXFileReference; fileEncoding = 4; lastKnownFileType = text.json; path = lottie_incorrect.json; sourceTree = "<group>"; };
		1E1BB19A2B494A6300E0A468 /* lottie_correct.json */ = {isa = PBXFileReference; fileEncoding = 4; lastKnownFileType = text.json; path = lottie_correct.json; sourceTree = "<group>"; };
		1E1BB19F2B496D3A00E0A468 /* lottie_perfect.json */ = {isa = PBXFileReference; fileEncoding = 4; lastKnownFileType = text.json; path = lottie_perfect.json; sourceTree = "<group>"; };
		1E1BB1A82B4A898F00E0A468 /* LaunchScreen.storyboard */ = {isa = PBXFileReference; lastKnownFileType = file.storyboard; path = LaunchScreen.storyboard; sourceTree = "<group>"; };
		1E1BB1AA2B4A8A3C00E0A468 /* Info.plist */ = {isa = PBXFileReference; lastKnownFileType = text.plist.xml; path = Info.plist; sourceTree = "<group>"; };
		1E1BB1AB2B4B89AB00E0A468 /* AdMobBannerView.swift */ = {isa = PBXFileReference; lastKnownFileType = sourcecode.swift; path = AdMobBannerView.swift; sourceTree = "<group>"; };
		3319C79FE8F98DD1E53DBF53 /* Pods_FlashEnglish.framework */ = {isa = PBXFileReference; explicitFileType = wrapper.framework; includeInIndex = 0; path = Pods_FlashEnglish.framework; sourceTree = BUILT_PRODUCTS_DIR; };
		400A5F672CAFF55D00C8D421 /* GoogleService-Info.plist */ = {isa = PBXFileReference; fileEncoding = 4; lastKnownFileType = text.plist.xml; path = "GoogleService-Info.plist"; sourceTree = "<group>"; };
		400A9C0C2B467BA60086914E /* FlashEnglish.app */ = {isa = PBXFileReference; explicitFileType = wrapper.application; includeInIndex = 0; path = FlashEnglish.app; sourceTree = BUILT_PRODUCTS_DIR; };
		400A9C0F2B467BA60086914E /* FlashEnglishApp.swift */ = {isa = PBXFileReference; lastKnownFileType = sourcecode.swift; path = FlashEnglishApp.swift; sourceTree = "<group>"; };
		400A9C112B467BA60086914E /* QuizView.swift */ = {isa = PBXFileReference; lastKnownFileType = sourcecode.swift; path = QuizView.swift; sourceTree = "<group>"; };
		400A9C132B467BA70086914E /* Assets.xcassets */ = {isa = PBXFileReference; lastKnownFileType = folder.assetcatalog; path = Assets.xcassets; sourceTree = "<group>"; };
		400A9C162B467BA70086914E /* Preview Assets.xcassets */ = {isa = PBXFileReference; lastKnownFileType = folder.assetcatalog; path = "Preview Assets.xcassets"; sourceTree = "<group>"; };
		400A9C202B467D710086914E /* Colors.xcassets */ = {isa = PBXFileReference; lastKnownFileType = folder.assetcatalog; path = Colors.xcassets; sourceTree = "<group>"; };
		400A9C222B467D860086914E /* Localizable.strings */ = {isa = PBXFileReference; lastKnownFileType = text.plist.strings; path = Localizable.strings; sourceTree = "<group>"; };
		400A9C2C2B467E560086914E /* Assets.swift */ = {isa = PBXFileReference; lastKnownFileType = sourcecode.swift; path = Assets.swift; sourceTree = "<group>"; };
		400A9C2E2B467E5F0086914E /* LocalizableStrings.swift */ = {isa = PBXFileReference; lastKnownFileType = sourcecode.swift; path = LocalizableStrings.swift; sourceTree = "<group>"; };
		400A9C302B467E640086914E /* Fonts.swift */ = {isa = PBXFileReference; lastKnownFileType = sourcecode.swift; path = Fonts.swift; sourceTree = "<group>"; };
		400A9C352B46830E0086914E /* CustomViewComponents.swift */ = {isa = PBXFileReference; lastKnownFileType = sourcecode.swift; path = CustomViewComponents.swift; sourceTree = "<group>"; };
		40EC7E972CB24317000EE52D /* FirebaseAnalytics.swift */ = {isa = PBXFileReference; lastKnownFileType = sourcecode.swift; path = FirebaseAnalytics.swift; sourceTree = "<group>"; };
		73539783EB5C5EECC7314A57 /* Pods-FlashEnglish.release.xcconfig */ = {isa = PBXFileReference; includeInIndex = 1; lastKnownFileType = text.xcconfig; name = "Pods-FlashEnglish.release.xcconfig"; path = "Target Support Files/Pods-FlashEnglish/Pods-FlashEnglish.release.xcconfig"; sourceTree = "<group>"; };
		A3E29F5D16FFAE6D0EB38130 /* Pods-FlashEnglish.debug.xcconfig */ = {isa = PBXFileReference; includeInIndex = 1; lastKnownFileType = text.xcconfig; name = "Pods-FlashEnglish.debug.xcconfig"; path = "Target Support Files/Pods-FlashEnglish/Pods-FlashEnglish.debug.xcconfig"; sourceTree = "<group>"; };
/* End PBXFileReference section */

/* Begin PBXFrameworksBuildPhase section */
		400A9C092B467BA60086914E /* Frameworks */ = {
			isa = PBXFrameworksBuildPhase;
			buildActionMask = 2147483647;
			files = (
				14980A7E78ED8597C2A764EA /* Pods_FlashEnglish.framework in Frameworks */,
			);
			runOnlyForDeploymentPostprocessing = 0;
		};
/* End PBXFrameworksBuildPhase section */

/* Begin PBXGroup section */
		1E046D762B4E4EF10016C390 /* SideMenu */ = {
			isa = PBXGroup;
			children = (
				1E046D772B4E4F040016C390 /* MainTabView.swift */,
				1E046D792B4E4F1D0016C390 /* SideMenuView.swift */,
				1E046D7B2B4E4FD20016C390 /* SideMenuContent.swift */,
				1E046D7D2B4E4FFB0016C390 /* TabItemView.swift */,
			);
			path = SideMenu;
			sourceTree = "<group>";
		};
		1E046D7F2B4E512C0016C390 /* Developer */ = {
			isa = PBXGroup;
			children = (
				1E046D802B4E51330016C390 /* DeveloperView.swift */,
			);
			path = Developer;
			sourceTree = "<group>";
		};
		1E046D822B4E5F360016C390 /* Safari */ = {
			isa = PBXGroup;
			children = (
				1E046D832B4E5F430016C390 /* SafariView.swift */,
			);
			path = Safari;
			sourceTree = "<group>";
		};
		1E1BB1622B47D65F00E0A468 /* Models */ = {
			isa = PBXGroup;
			children = (
				1E1BB1802B48F6D400E0A468 /* NavigationManager.swift */,
				1E046D742B4E4EB70016C390 /* SideMenuManager.swift */,
				40EC7E962CB2430C000EE52D /* Firebase */,
			);
			path = Models;
			sourceTree = "<group>";
		};
		1E1BB1632B47D66400E0A468 /* ViewModels */ = {
			isa = PBXGroup;
			children = (
				1E1BB16E2B47EC6C00E0A468 /* QuizManager.swift */,
			);
			path = ViewModels;
			sourceTree = "<group>";
		};
		1E1BB18E2B493BAF00E0A468 /* CSV */ = {
			isa = PBXGroup;
			children = (
				1E1BB1682B47D6E300E0A468 /* JuniorHighSchool.csv */,
				1E1BB17C2B48DF1C00E0A468 /* HighSchool.csv */,
				1E1BB17D2B48DF1C00E0A468 /* College.csv */,
				1E1BB18A2B49395700E0A468 /* Businessman.csv */,
				1E1BB1892B49395700E0A468 /* Expert.csv */,
				1E1BB1882B49395700E0A468 /* Monster.csv */,
			);
			path = CSV;
			sourceTree = "<group>";
		};
		1E1BB1A12B4972B900E0A468 /* Home */ = {
			isa = PBXGroup;
			children = (
				1E1BB17A2B48DC5000E0A468 /* HomeView.swift */,
			);
			path = Home;
			sourceTree = "<group>";
		};
		1E1BB1A22B4972BF00E0A468 /* QuizDetail */ = {
			isa = PBXGroup;
			children = (
				1E1BB1782B48D50800E0A468 /* QuizDetailView.swift */,
			);
			path = QuizDetail;
			sourceTree = "<group>";
		};
		1E1BB1A32B4972CC00E0A468 /* Quiz */ = {
			isa = PBXGroup;
			children = (
				400A9C112B467BA60086914E /* QuizView.swift */,
			);
			path = Quiz;
			sourceTree = "<group>";
		};
		1E1BB1A42B4972D100E0A468 /* Answer */ = {
			isa = PBXGroup;
			children = (
				1E1BB15E2B47D60700E0A468 /* AnswerView.swift */,
			);
			path = Answer;
			sourceTree = "<group>";
		};
		1E1BB1A52B4972D800E0A468 /* AnswerDetail */ = {
			isa = PBXGroup;
			children = (
				1E1BB16A2B47D7E000E0A468 /* AnswerDetailView.swift */,
			);
			path = AnswerDetail;
			sourceTree = "<group>";
		};
		1E1BB1A62B4972DF00E0A468 /* Score */ = {
			isa = PBXGroup;
			children = (
				1E1BB1762B481B9F00E0A468 /* ScoreView.swift */,
			);
			path = Score;
			sourceTree = "<group>";
		};
		1E1BB1A72B4A897100E0A468 /* LaunchScreen */ = {
			isa = PBXGroup;
			children = (
				1E1BB1A82B4A898F00E0A468 /* LaunchScreen.storyboard */,
			);
			path = LaunchScreen;
			sourceTree = "<group>";
		};
		1E994C2E2B54D20100DBFC94 /* Lottie */ = {
			isa = PBXGroup;
			children = (
				1E1BB19A2B494A6300E0A468 /* lottie_correct.json */,
				1E1BB1992B494A6300E0A468 /* lottie_incorrect.json */,
				1E1BB19F2B496D3A00E0A468 /* lottie_perfect.json */,
			);
			path = Lottie;
			sourceTree = "<group>";
		};
		400A5F662CAFF55300C8D421 /* Firebase */ = {
			isa = PBXGroup;
			children = (
				400A5F672CAFF55D00C8D421 /* GoogleService-Info.plist */,
			);
			path = Firebase;
			sourceTree = "<group>";
		};
		400A9C032B467BA60086914E = {
			isa = PBXGroup;
			children = (
				400A9C0E2B467BA60086914E /* FlashEnglish */,
				400A9C0D2B467BA60086914E /* Products */,
				5644C387C454A9AA54646018 /* Pods */,
				A86379BDA699414CC06D6CC7 /* Frameworks */,
			);
			sourceTree = "<group>";
		};
		400A9C0D2B467BA60086914E /* Products */ = {
			isa = PBXGroup;
			children = (
				400A9C0C2B467BA60086914E /* FlashEnglish.app */,
			);
			name = Products;
			sourceTree = "<group>";
		};
		400A9C0E2B467BA60086914E /* FlashEnglish */ = {
			isa = PBXGroup;
			children = (
				400A9C1D2B467CD00086914E /* Resources */,
				400A9C1E2B467CDF0086914E /* Sources */,
				1E1BB18E2B493BAF00E0A468 /* CSV */,
				400A9C1F2B467D3E0086914E /* Generated */,
				400A9C152B467BA70086914E /* Preview Content */,
			);
			path = FlashEnglish;
			sourceTree = "<group>";
		};
		400A9C152B467BA70086914E /* Preview Content */ = {
			isa = PBXGroup;
			children = (
				400A9C162B467BA70086914E /* Preview Assets.xcassets */,
			);
			path = "Preview Content";
			sourceTree = "<group>";
		};
		400A9C1D2B467CD00086914E /* Resources */ = {
			isa = PBXGroup;
			children = (
				400A9C132B467BA70086914E /* Assets.xcassets */,
				400A9C202B467D710086914E /* Colors.xcassets */,
				400A9C222B467D860086914E /* Localizable.strings */,
				400A5F662CAFF55300C8D421 /* Firebase */,
				1E994C2E2B54D20100DBFC94 /* Lottie */,
				1E1BB1AA2B4A8A3C00E0A468 /* Info.plist */,
				400A9C242B467D980086914E /* Fonts */,
			);
			path = Resources;
			sourceTree = "<group>";
		};
		400A9C1E2B467CDF0086914E /* Sources */ = {
			isa = PBXGroup;
			children = (
				400A9C0F2B467BA60086914E /* FlashEnglishApp.swift */,
				1E1BB1622B47D65F00E0A468 /* Models */,
				400A9C2A2B467E310086914E /* Views */,
				1E1BB1632B47D66400E0A468 /* ViewModels */,
			);
			path = Sources;
			sourceTree = "<group>";
		};
		400A9C1F2B467D3E0086914E /* Generated */ = {
			isa = PBXGroup;
			children = (
				400A9C2C2B467E560086914E /* Assets.swift */,
				400A9C2E2B467E5F0086914E /* LocalizableStrings.swift */,
				400A9C302B467E640086914E /* Fonts.swift */,
			);
			path = Generated;
			sourceTree = "<group>";
		};
		400A9C242B467D980086914E /* Fonts */ = {
			isa = PBXGroup;
			children = (
				1E1BB1822B49285B00E0A468 /* NotoSansJP-VariableFont_wght.ttf */,
				1E1BB1842B4928C700E0A468 /* NotoSans-VariableFont_wdth,wght.ttf */,
			);
			path = Fonts;
			sourceTree = "<group>";
		};
		400A9C2A2B467E310086914E /* Views */ = {
			isa = PBXGroup;
			children = (
				1E1BB1A12B4972B900E0A468 /* Home */,
				1E1BB1A22B4972BF00E0A468 /* QuizDetail */,
				1E1BB1A32B4972CC00E0A468 /* Quiz */,
				1E1BB1A42B4972D100E0A468 /* Answer */,
				1E1BB1A52B4972D800E0A468 /* AnswerDetail */,
				1E1BB1A62B4972DF00E0A468 /* Score */,
				1E046D7F2B4E512C0016C390 /* Developer */,
				1E046D822B4E5F360016C390 /* Safari */,
				1E046D762B4E4EF10016C390 /* SideMenu */,
				400A9C342B4682F00086914E /* CustomViews */,
				1E1BB1A72B4A897100E0A468 /* LaunchScreen */,
			);
			path = Views;
			sourceTree = "<group>";
		};
		400A9C342B4682F00086914E /* CustomViews */ = {
			isa = PBXGroup;
			children = (
				1E1BB1AB2B4B89AB00E0A468 /* AdMobBannerView.swift */,
				400A9C352B46830E0086914E /* CustomViewComponents.swift */,
				1E1BB1862B49349200E0A468 /* QuizLevelGridItem.swift */,
				1E1BB1972B4949F700E0A468 /* LottieView.swift */,
			);
			path = CustomViews;
			sourceTree = "<group>";
		};
		40EC7E962CB2430C000EE52D /* Firebase */ = {
			isa = PBXGroup;
			children = (
				40EC7E972CB24317000EE52D /* FirebaseAnalytics.swift */,
			);
			path = Firebase;
			sourceTree = "<group>";
		};
		5644C387C454A9AA54646018 /* Pods */ = {
			isa = PBXGroup;
			children = (
				A3E29F5D16FFAE6D0EB38130 /* Pods-FlashEnglish.debug.xcconfig */,
				73539783EB5C5EECC7314A57 /* Pods-FlashEnglish.release.xcconfig */,
			);
			path = Pods;
			sourceTree = "<group>";
		};
		A86379BDA699414CC06D6CC7 /* Frameworks */ = {
			isa = PBXGroup;
			children = (
				3319C79FE8F98DD1E53DBF53 /* Pods_FlashEnglish.framework */,
			);
			name = Frameworks;
			sourceTree = "<group>";
		};
/* End PBXGroup section */

/* Begin PBXNativeTarget section */
		400A9C0B2B467BA60086914E /* FlashEnglish */ = {
			isa = PBXNativeTarget;
			buildConfigurationList = 400A9C1A2B467BA70086914E /* Build configuration list for PBXNativeTarget "FlashEnglish" */;
			buildPhases = (
				6D895A9D35E2177B11291255 /* [CP] Check Pods Manifest.lock */,
				400A9C082B467BA60086914E /* Sources */,
				400A9C092B467BA60086914E /* Frameworks */,
				400A9C0A2B467BA60086914E /* Resources */,
				400A9C332B467FD40086914E /* SwiftLint */,
				1B5B93889CFD5437CB299028 /* [CP] Embed Pods Frameworks */,
				C76DBF3867BD95EEEEF3059F /* [CP] Copy Pods Resources */,
			);
			buildRules = (
			);
			dependencies = (
			);
			name = FlashEnglish;
			productName = FlashEnglish;
			productReference = 400A9C0C2B467BA60086914E /* FlashEnglish.app */;
			productType = "com.apple.product-type.application";
		};
/* End PBXNativeTarget section */

/* Begin PBXProject section */
		400A9C042B467BA60086914E /* Project object */ = {
			isa = PBXProject;
			attributes = {
				BuildIndependentTargetsInParallel = 1;
				LastSwiftUpdateCheck = 1500;
				LastUpgradeCheck = 1500;
				TargetAttributes = {
					400A9C0B2B467BA60086914E = {
						CreatedOnToolsVersion = 15.0.1;
					};
				};
			};
			buildConfigurationList = 400A9C072B467BA60086914E /* Build configuration list for PBXProject "FlashEnglish" */;
			compatibilityVersion = "Xcode 14.0";
			developmentRegion = en;
			hasScannedForEncodings = 0;
			knownRegions = (
				en,
				Base,
			);
			mainGroup = 400A9C032B467BA60086914E;
			productRefGroup = 400A9C0D2B467BA60086914E /* Products */;
			projectDirPath = "";
			projectRoot = "";
			targets = (
				400A9C0B2B467BA60086914E /* FlashEnglish */,
			);
		};
/* End PBXProject section */

/* Begin PBXResourcesBuildPhase section */
		400A9C0A2B467BA60086914E /* Resources */ = {
			isa = PBXResourcesBuildPhase;
			buildActionMask = 2147483647;
			files = (
				400A9C212B467D710086914E /* Colors.xcassets in Resources */,
				1E1BB18B2B49395700E0A468 /* Monster.csv in Resources */,
				400A9C232B467D860086914E /* Localizable.strings in Resources */,
				1E1BB18C2B49395700E0A468 /* Expert.csv in Resources */,
				1E1BB1692B47D6E300E0A468 /* JuniorHighSchool.csv in Resources */,
				400A9C172B467BA70086914E /* Preview Assets.xcassets in Resources */,
				1E1BB17E2B48DF1C00E0A468 /* HighSchool.csv in Resources */,
				1E1BB1832B49285B00E0A468 /* NotoSansJP-VariableFont_wght.ttf in Resources */,
				1E1BB17F2B48DF1C00E0A468 /* College.csv in Resources */,
				1E1BB1A92B4A898F00E0A468 /* LaunchScreen.storyboard in Resources */,
				1E1BB19B2B494A6400E0A468 /* lottie_incorrect.json in Resources */,
				400A9C142B467BA70086914E /* Assets.xcassets in Resources */,
				400A5F682CAFF55D00C8D421 /* GoogleService-Info.plist in Resources */,
				1E1BB18D2B49395700E0A468 /* Businessman.csv in Resources */,
				1E1BB1A02B496D3A00E0A468 /* lottie_perfect.json in Resources */,
				1E1BB19C2B494A6400E0A468 /* lottie_correct.json in Resources */,
				1E1BB1852B4928C700E0A468 /* NotoSans-VariableFont_wdth,wght.ttf in Resources */,
			);
			runOnlyForDeploymentPostprocessing = 0;
		};
/* End PBXResourcesBuildPhase section */

/* Begin PBXShellScriptBuildPhase section */
		1B5B93889CFD5437CB299028 /* [CP] Embed Pods Frameworks */ = {
			isa = PBXShellScriptBuildPhase;
			buildActionMask = 2147483647;
			files = (
			);
			inputFileListPaths = (
				"${PODS_ROOT}/Target Support Files/Pods-FlashEnglish/Pods-FlashEnglish-frameworks-${CONFIGURATION}-input-files.xcfilelist",
			);
			name = "[CP] Embed Pods Frameworks";
			outputFileListPaths = (
				"${PODS_ROOT}/Target Support Files/Pods-FlashEnglish/Pods-FlashEnglish-frameworks-${CONFIGURATION}-output-files.xcfilelist",
			);
			runOnlyForDeploymentPostprocessing = 0;
			shellPath = /bin/sh;
			shellScript = "\"${PODS_ROOT}/Target Support Files/Pods-FlashEnglish/Pods-FlashEnglish-frameworks.sh\"\n";
			showEnvVarsInLog = 0;
		};
		400A9C332B467FD40086914E /* SwiftLint */ = {
			isa = PBXShellScriptBuildPhase;
			alwaysOutOfDate = 1;
			buildActionMask = 2147483647;
			files = (
			);
			inputFileListPaths = (
			);
			inputPaths = (
			);
			name = SwiftLint;
			outputFileListPaths = (
			);
			outputPaths = (
			);
			runOnlyForDeploymentPostprocessing = 0;
			shellPath = /bin/sh;
			shellScript = "export PATH=\"$PATH:/opt/homebrew/bin\"\nif which swiftlint >/dev/null; then\n  swiftlint autocorrect --format # 自動修正の有効化\n  swiftlint\nelse\n  echo \"SwiftLint does not exist, download from https://github.com/realm/SwiftLint\"\nfi\n";
			showEnvVarsInLog = 0;
		};
		6D895A9D35E2177B11291255 /* [CP] Check Pods Manifest.lock */ = {
			isa = PBXShellScriptBuildPhase;
			buildActionMask = 2147483647;
			files = (
			);
			inputFileListPaths = (
			);
			inputPaths = (
				"${PODS_PODFILE_DIR_PATH}/Podfile.lock",
				"${PODS_ROOT}/Manifest.lock",
			);
			name = "[CP] Check Pods Manifest.lock";
			outputFileListPaths = (
			);
			outputPaths = (
				"$(DERIVED_FILE_DIR)/Pods-FlashEnglish-checkManifestLockResult.txt",
			);
			runOnlyForDeploymentPostprocessing = 0;
			shellPath = /bin/sh;
			shellScript = "diff \"${PODS_PODFILE_DIR_PATH}/Podfile.lock\" \"${PODS_ROOT}/Manifest.lock\" > /dev/null\nif [ $? != 0 ] ; then\n    # print error to STDERR\n    echo \"error: The sandbox is not in sync with the Podfile.lock. Run 'pod install' or update your CocoaPods installation.\" >&2\n    exit 1\nfi\n# This output is used by Xcode 'outputs' to avoid re-running this script phase.\necho \"SUCCESS\" > \"${SCRIPT_OUTPUT_FILE_0}\"\n";
			showEnvVarsInLog = 0;
		};
		C76DBF3867BD95EEEEF3059F /* [CP] Copy Pods Resources */ = {
			isa = PBXShellScriptBuildPhase;
			buildActionMask = 2147483647;
			files = (
			);
			inputFileListPaths = (
				"${PODS_ROOT}/Target Support Files/Pods-FlashEnglish/Pods-FlashEnglish-resources-${CONFIGURATION}-input-files.xcfilelist",
			);
			name = "[CP] Copy Pods Resources";
			outputFileListPaths = (
				"${PODS_ROOT}/Target Support Files/Pods-FlashEnglish/Pods-FlashEnglish-resources-${CONFIGURATION}-output-files.xcfilelist",
			);
			runOnlyForDeploymentPostprocessing = 0;
			shellPath = /bin/sh;
			shellScript = "\"${PODS_ROOT}/Target Support Files/Pods-FlashEnglish/Pods-FlashEnglish-resources.sh\"\n";
			showEnvVarsInLog = 0;
		};
/* End PBXShellScriptBuildPhase section */

/* Begin PBXSourcesBuildPhase section */
		400A9C082B467BA60086914E /* Sources */ = {
			isa = PBXSourcesBuildPhase;
			buildActionMask = 2147483647;
			files = (
				1E1BB1AC2B4B89AB00E0A468 /* AdMobBannerView.swift in Sources */,
				1E1BB1982B4949F700E0A468 /* LottieView.swift in Sources */,
				1E046D7A2B4E4F1D0016C390 /* SideMenuView.swift in Sources */,
				40EC7E982CB24317000EE52D /* FirebaseAnalytics.swift in Sources */,
				1E1BB17B2B48DC5000E0A468 /* HomeView.swift in Sources */,
				1E046D842B4E5F430016C390 /* SafariView.swift in Sources */,
				400A9C122B467BA60086914E /* QuizView.swift in Sources */,
				400A9C312B467E640086914E /* Fonts.swift in Sources */,
				1E046D782B4E4F040016C390 /* MainTabView.swift in Sources */,
				1E1BB1792B48D50800E0A468 /* QuizDetailView.swift in Sources */,
				1E1BB15F2B47D60700E0A468 /* AnswerView.swift in Sources */,
				1E046D752B4E4EB70016C390 /* SideMenuManager.swift in Sources */,
				400A9C102B467BA60086914E /* FlashEnglishApp.swift in Sources */,
				1E046D7E2B4E4FFB0016C390 /* TabItemView.swift in Sources */,
				1E1BB1772B481B9F00E0A468 /* ScoreView.swift in Sources */,
				400A9C2D2B467E560086914E /* Assets.swift in Sources */,
				1E1BB16F2B47EC6C00E0A468 /* QuizManager.swift in Sources */,
				400A9C2F2B467E5F0086914E /* LocalizableStrings.swift in Sources */,
				400A9C362B46830E0086914E /* CustomViewComponents.swift in Sources */,
				1E1BB16B2B47D7E000E0A468 /* AnswerDetailView.swift in Sources */,
				1E046D7C2B4E4FD20016C390 /* SideMenuContent.swift in Sources */,
				1E1BB1872B49349200E0A468 /* QuizLevelGridItem.swift in Sources */,
				1E046D812B4E51330016C390 /* DeveloperView.swift in Sources */,
				1E1BB1812B48F6D400E0A468 /* NavigationManager.swift in Sources */,
			);
			runOnlyForDeploymentPostprocessing = 0;
		};
/* End PBXSourcesBuildPhase section */

/* Begin XCBuildConfiguration section */
		400A9C182B467BA70086914E /* Debug */ = {
			isa = XCBuildConfiguration;
			buildSettings = {
				ALWAYS_SEARCH_USER_PATHS = NO;
				ASSETCATALOG_COMPILER_GENERATE_SWIFT_ASSET_SYMBOL_EXTENSIONS = YES;
				CLANG_ANALYZER_NONNULL = YES;
				CLANG_ANALYZER_NUMBER_OBJECT_CONVERSION = YES_AGGRESSIVE;
				CLANG_CXX_LANGUAGE_STANDARD = "gnu++20";
				CLANG_ENABLE_MODULES = YES;
				CLANG_ENABLE_OBJC_ARC = YES;
				CLANG_ENABLE_OBJC_WEAK = YES;
				CLANG_WARN_BLOCK_CAPTURE_AUTORELEASING = YES;
				CLANG_WARN_BOOL_CONVERSION = YES;
				CLANG_WARN_COMMA = YES;
				CLANG_WARN_CONSTANT_CONVERSION = YES;
				CLANG_WARN_DEPRECATED_OBJC_IMPLEMENTATIONS = YES;
				CLANG_WARN_DIRECT_OBJC_ISA_USAGE = YES_ERROR;
				CLANG_WARN_DOCUMENTATION_COMMENTS = YES;
				CLANG_WARN_EMPTY_BODY = YES;
				CLANG_WARN_ENUM_CONVERSION = YES;
				CLANG_WARN_INFINITE_RECURSION = YES;
				CLANG_WARN_INT_CONVERSION = YES;
				CLANG_WARN_NON_LITERAL_NULL_CONVERSION = YES;
				CLANG_WARN_OBJC_IMPLICIT_RETAIN_SELF = YES;
				CLANG_WARN_OBJC_LITERAL_CONVERSION = YES;
				CLANG_WARN_OBJC_ROOT_CLASS = YES_ERROR;
				CLANG_WARN_QUOTED_INCLUDE_IN_FRAMEWORK_HEADER = YES;
				CLANG_WARN_RANGE_LOOP_ANALYSIS = YES;
				CLANG_WARN_STRICT_PROTOTYPES = YES;
				CLANG_WARN_SUSPICIOUS_MOVE = YES;
				CLANG_WARN_UNGUARDED_AVAILABILITY = YES_AGGRESSIVE;
				CLANG_WARN_UNREACHABLE_CODE = YES;
				CLANG_WARN__DUPLICATE_METHOD_MATCH = YES;
				COPY_PHASE_STRIP = NO;
				DEBUG_INFORMATION_FORMAT = dwarf;
				ENABLE_STRICT_OBJC_MSGSEND = YES;
				ENABLE_TESTABILITY = YES;
				ENABLE_USER_SCRIPT_SANDBOXING = YES;
				GCC_C_LANGUAGE_STANDARD = gnu17;
				GCC_DYNAMIC_NO_PIC = NO;
				GCC_NO_COMMON_BLOCKS = YES;
				GCC_OPTIMIZATION_LEVEL = 0;
				GCC_PREPROCESSOR_DEFINITIONS = (
					"DEBUG=1",
					"$(inherited)",
				);
				GCC_WARN_64_TO_32_BIT_CONVERSION = YES;
				GCC_WARN_ABOUT_RETURN_TYPE = YES_ERROR;
				GCC_WARN_UNDECLARED_SELECTOR = YES;
				GCC_WARN_UNINITIALIZED_AUTOS = YES_AGGRESSIVE;
				GCC_WARN_UNUSED_FUNCTION = YES;
				GCC_WARN_UNUSED_VARIABLE = YES;
				IPHONEOS_DEPLOYMENT_TARGET = 16.0;
				LOCALIZATION_PREFERS_STRING_CATALOGS = YES;
				MTL_ENABLE_DEBUG_INFO = INCLUDE_SOURCE;
				MTL_FAST_MATH = YES;
				ONLY_ACTIVE_ARCH = YES;
				SDKROOT = iphoneos;
				SWIFT_ACTIVE_COMPILATION_CONDITIONS = "DEBUG $(inherited)";
				SWIFT_OPTIMIZATION_LEVEL = "-Onone";
			};
			name = Debug;
		};
		400A9C192B467BA70086914E /* Release */ = {
			isa = XCBuildConfiguration;
			buildSettings = {
				ALWAYS_SEARCH_USER_PATHS = NO;
				ASSETCATALOG_COMPILER_GENERATE_SWIFT_ASSET_SYMBOL_EXTENSIONS = YES;
				CLANG_ANALYZER_NONNULL = YES;
				CLANG_ANALYZER_NUMBER_OBJECT_CONVERSION = YES_AGGRESSIVE;
				CLANG_CXX_LANGUAGE_STANDARD = "gnu++20";
				CLANG_ENABLE_MODULES = YES;
				CLANG_ENABLE_OBJC_ARC = YES;
				CLANG_ENABLE_OBJC_WEAK = YES;
				CLANG_WARN_BLOCK_CAPTURE_AUTORELEASING = YES;
				CLANG_WARN_BOOL_CONVERSION = YES;
				CLANG_WARN_COMMA = YES;
				CLANG_WARN_CONSTANT_CONVERSION = YES;
				CLANG_WARN_DEPRECATED_OBJC_IMPLEMENTATIONS = YES;
				CLANG_WARN_DIRECT_OBJC_ISA_USAGE = YES_ERROR;
				CLANG_WARN_DOCUMENTATION_COMMENTS = YES;
				CLANG_WARN_EMPTY_BODY = YES;
				CLANG_WARN_ENUM_CONVERSION = YES;
				CLANG_WARN_INFINITE_RECURSION = YES;
				CLANG_WARN_INT_CONVERSION = YES;
				CLANG_WARN_NON_LITERAL_NULL_CONVERSION = YES;
				CLANG_WARN_OBJC_IMPLICIT_RETAIN_SELF = YES;
				CLANG_WARN_OBJC_LITERAL_CONVERSION = YES;
				CLANG_WARN_OBJC_ROOT_CLASS = YES_ERROR;
				CLANG_WARN_QUOTED_INCLUDE_IN_FRAMEWORK_HEADER = YES;
				CLANG_WARN_RANGE_LOOP_ANALYSIS = YES;
				CLANG_WARN_STRICT_PROTOTYPES = YES;
				CLANG_WARN_SUSPICIOUS_MOVE = YES;
				CLANG_WARN_UNGUARDED_AVAILABILITY = YES_AGGRESSIVE;
				CLANG_WARN_UNREACHABLE_CODE = YES;
				CLANG_WARN__DUPLICATE_METHOD_MATCH = YES;
				COPY_PHASE_STRIP = NO;
				DEBUG_INFORMATION_FORMAT = "dwarf-with-dsym";
				ENABLE_NS_ASSERTIONS = NO;
				ENABLE_STRICT_OBJC_MSGSEND = YES;
				ENABLE_USER_SCRIPT_SANDBOXING = YES;
				GCC_C_LANGUAGE_STANDARD = gnu17;
				GCC_NO_COMMON_BLOCKS = YES;
				GCC_WARN_64_TO_32_BIT_CONVERSION = YES;
				GCC_WARN_ABOUT_RETURN_TYPE = YES_ERROR;
				GCC_WARN_UNDECLARED_SELECTOR = YES;
				GCC_WARN_UNINITIALIZED_AUTOS = YES_AGGRESSIVE;
				GCC_WARN_UNUSED_FUNCTION = YES;
				GCC_WARN_UNUSED_VARIABLE = YES;
				IPHONEOS_DEPLOYMENT_TARGET = 16.0;
				LOCALIZATION_PREFERS_STRING_CATALOGS = YES;
				MTL_ENABLE_DEBUG_INFO = NO;
				MTL_FAST_MATH = YES;
				SDKROOT = iphoneos;
				SWIFT_COMPILATION_MODE = wholemodule;
				VALIDATE_PRODUCT = YES;
			};
			name = Release;
		};
		400A9C1B2B467BA70086914E /* Debug */ = {
			isa = XCBuildConfiguration;
			baseConfigurationReference = A3E29F5D16FFAE6D0EB38130 /* Pods-FlashEnglish.debug.xcconfig */;
			buildSettings = {
				ASSETCATALOG_COMPILER_APPICON_NAME = AppIcon;
				ASSETCATALOG_COMPILER_GLOBAL_ACCENT_COLOR_NAME = AccentColor;
				"CODE_SIGN_IDENTITY[sdk=iphoneos*]" = "iPhone Developer";
				CODE_SIGN_STYLE = Manual;
				CURRENT_PROJECT_VERSION = 2.0.1;
				DEVELOPMENT_ASSET_PATHS = "\"FlashEnglish/Preview Content\"";
				DEVELOPMENT_TEAM = "";
				"DEVELOPMENT_TEAM[sdk=iphoneos*]" = L6Q3MJXV23;
				ENABLE_PREVIEWS = YES;
				ENABLE_USER_SCRIPT_SANDBOXING = NO;
				GENERATE_INFOPLIST_FILE = YES;
				INFOPLIST_FILE = FlashEnglish/Info.plist;
				INFOPLIST_KEY_CFBundleDisplayName = "フラッシュ英文法";
				INFOPLIST_KEY_LSApplicationCategoryType = "public.app-category.education";
				INFOPLIST_KEY_UIApplicationSceneManifest_Generation = YES;
				INFOPLIST_KEY_UIApplicationSupportsIndirectInputEvents = YES;
				INFOPLIST_KEY_UILaunchStoryboardName = LaunchScreen;
				INFOPLIST_KEY_UISupportedInterfaceOrientations = UIInterfaceOrientationPortrait;
				INFOPLIST_KEY_UIUserInterfaceStyle = Light;
				IPHONEOS_DEPLOYMENT_TARGET = 16.0;
				LD_RUNPATH_SEARCH_PATHS = (
					"$(inherited)",
					"@executable_path/Frameworks",
				);
				MARKETING_VERSION = 2.0.1;
				PRODUCT_BUNDLE_IDENTIFIER = com.masa4y44.FlashEnglish;
				PRODUCT_NAME = "$(TARGET_NAME)";
				PROVISIONING_PROFILE_SPECIFIER = "";
				"PROVISIONING_PROFILE_SPECIFIER[sdk=iphoneos*]" = "match Development com.masa4y44.FlashEnglish";
				SUPPORTED_PLATFORMS = "iphoneos iphonesimulator";
				SUPPORTS_MACCATALYST = NO;
				SUPPORTS_MAC_DESIGNED_FOR_IPHONE_IPAD = NO;
				SUPPORTS_XR_DESIGNED_FOR_IPHONE_IPAD = NO;
				SWIFT_EMIT_LOC_STRINGS = YES;
				SWIFT_VERSION = 5.0;
				TARGETED_DEVICE_FAMILY = 1;
			};
			name = Debug;
		};
		400A9C1C2B467BA70086914E /* Release */ = {
			isa = XCBuildConfiguration;
			baseConfigurationReference = 73539783EB5C5EECC7314A57 /* Pods-FlashEnglish.release.xcconfig */;
			buildSettings = {
				ASSETCATALOG_COMPILER_APPICON_NAME = AppIcon;
				ASSETCATALOG_COMPILER_GLOBAL_ACCENT_COLOR_NAME = AccentColor;
				"CODE_SIGN_IDENTITY[sdk=iphoneos*]" = "iPhone Developer";
				CODE_SIGN_STYLE = Manual;
				CURRENT_PROJECT_VERSION = 2.0.1;
				DEVELOPMENT_ASSET_PATHS = "\"FlashEnglish/Preview Content\"";
				DEVELOPMENT_TEAM = "";
				"DEVELOPMENT_TEAM[sdk=iphoneos*]" = L6Q3MJXV23;
				ENABLE_PREVIEWS = YES;
				ENABLE_USER_SCRIPT_SANDBOXING = NO;
				GENERATE_INFOPLIST_FILE = YES;
				INFOPLIST_FILE = FlashEnglish/Info.plist;
				INFOPLIST_KEY_CFBundleDisplayName = "フラッシュ英文法";
				INFOPLIST_KEY_LSApplicationCategoryType = "public.app-category.education";
				INFOPLIST_KEY_UIApplicationSceneManifest_Generation = YES;
				INFOPLIST_KEY_UIApplicationSupportsIndirectInputEvents = YES;
				INFOPLIST_KEY_UILaunchStoryboardName = LaunchScreen;
				INFOPLIST_KEY_UISupportedInterfaceOrientations = UIInterfaceOrientationPortrait;
				INFOPLIST_KEY_UIUserInterfaceStyle = Light;
				IPHONEOS_DEPLOYMENT_TARGET = 16.0;
				LD_RUNPATH_SEARCH_PATHS = (
					"$(inherited)",
					"@executable_path/Frameworks",
				);
				MARKETING_VERSION = 2.0.1;
				PRODUCT_BUNDLE_IDENTIFIER = com.masa4y44.FlashEnglish;
				PRODUCT_NAME = "$(TARGET_NAME)";
				PROVISIONING_PROFILE_SPECIFIER = "";
				"PROVISIONING_PROFILE_SPECIFIER[sdk=iphoneos*]" = "match Development com.masa4y44.FlashEnglish";
				SUPPORTED_PLATFORMS = "iphoneos iphonesimulator";
				SUPPORTS_MACCATALYST = NO;
				SUPPORTS_MAC_DESIGNED_FOR_IPHONE_IPAD = NO;
				SUPPORTS_XR_DESIGNED_FOR_IPHONE_IPAD = NO;
				SWIFT_EMIT_LOC_STRINGS = YES;
				SWIFT_VERSION = 5.0;
				TARGETED_DEVICE_FAMILY = 1;
			};
			name = Release;
		};
/* End XCBuildConfiguration section */

/* Begin XCConfigurationList section */
		400A9C072B467BA60086914E /* Build configuration list for PBXProject "FlashEnglish" */ = {
			isa = XCConfigurationList;
			buildConfigurations = (
				400A9C182B467BA70086914E /* Debug */,
				400A9C192B467BA70086914E /* Release */,
			);
			defaultConfigurationIsVisible = 0;
			defaultConfigurationName = Release;
		};
		400A9C1A2B467BA70086914E /* Build configuration list for PBXNativeTarget "FlashEnglish" */ = {
			isa = XCConfigurationList;
			buildConfigurations = (
				400A9C1B2B467BA70086914E /* Debug */,
				400A9C1C2B467BA70086914E /* Release */,
			);
			defaultConfigurationIsVisible = 0;
			defaultConfigurationName = Release;
		};
/* End XCConfigurationList section */
	};
	rootObject = 400A9C042B467BA60086914E /* Project object */;
}
